// !$*UTF8*$!
{
	archiveVersion = 1;
	classes = {
	};
	objectVersion = 56;
	objects = {

/* Begin PBXBuildFile section */
		1356E7612B5C275D00DCE99E /* RendezvousApp.swift in Sources */ = {isa = PBXBuildFile; fileRef = 1356E7602B5C275D00DCE99E /* RendezvousApp.swift */; };
		1356E7632B5C275D00DCE99E /* SplashScreenView.swift in Sources */ = {isa = PBXBuildFile; fileRef = 1356E7622B5C275D00DCE99E /* SplashScreenView.swift */; };
		1356E7652B5C275D00DCE99E /* Assets.xcassets in Resources */ = {isa = PBXBuildFile; fileRef = 1356E7642B5C275D00DCE99E /* Assets.xcassets */; };
		1356E7682B5C275D00DCE99E /* Preview Assets.xcassets in Resources */ = {isa = PBXBuildFile; fileRef = 1356E7672B5C275D00DCE99E /* Preview Assets.xcassets */; };
		1356E7732B5C292B00DCE99E /* HomeView.swift in Sources */ = {isa = PBXBuildFile; fileRef = 1356E7722B5C292B00DCE99E /* HomeView.swift */; };
		1356E7752B5C2D6E00DCE99E /* EventView.swift in Sources */ = {isa = PBXBuildFile; fileRef = 1356E7742B5C2D6E00DCE99E /* EventView.swift */; };
		1356E7772B5C2D7F00DCE99E /* CalendarView.swift in Sources */ = {isa = PBXBuildFile; fileRef = 1356E7762B5C2D7F00DCE99E /* CalendarView.swift */; };
		1356E7792B5C2DA000DCE99E /* NotificationView.swift in Sources */ = {isa = PBXBuildFile; fileRef = 1356E7782B5C2DA000DCE99E /* NotificationView.swift */; };
		1356E77B2B5C2DBF00DCE99E /* SettingsView.swift in Sources */ = {isa = PBXBuildFile; fileRef = 1356E77A2B5C2DBF00DCE99E /* SettingsView.swift */; };
		1356E77D2B5C2E3300DCE99E /* NavigationBarView.swift in Sources */ = {isa = PBXBuildFile; fileRef = 1356E77C2B5C2E3300DCE99E /* NavigationBarView.swift */; };
		137199E02B5F503700936C13 /* LoginView.swift in Sources */ = {isa = PBXBuildFile; fileRef = 137199DF2B5F503700936C13 /* LoginView.swift */; };
		137199E32B5F51EC00936C13 /* InputView.swift in Sources */ = {isa = PBXBuildFile; fileRef = 137199E22B5F51EC00936C13 /* InputView.swift */; };
		137199E52B5F586C00936C13 /* RegistrationView.swift in Sources */ = {isa = PBXBuildFile; fileRef = 137199E42B5F586C00936C13 /* RegistrationView.swift */; };
		137199E92B5F5F6700936C13 /* SettingsRowView.swift in Sources */ = {isa = PBXBuildFile; fileRef = 137199E82B5F5F6600936C13 /* SettingsRowView.swift */; };
		137199EB2B5F664500936C13 /* User.swift in Sources */ = {isa = PBXBuildFile; fileRef = 137199EA2B5F664500936C13 /* User.swift */; };
/* End PBXBuildFile section */

/* Begin PBXFileReference section */
		1356E75D2B5C275D00DCE99E /* Rendezvous.app */ = {isa = PBXFileReference; explicitFileType = wrapper.application; includeInIndex = 0; path = Rendezvous.app; sourceTree = BUILT_PRODUCTS_DIR; };
		1356E7602B5C275D00DCE99E /* RendezvousApp.swift */ = {isa = PBXFileReference; lastKnownFileType = sourcecode.swift; path = RendezvousApp.swift; sourceTree = "<group>"; };
		1356E7622B5C275D00DCE99E /* SplashScreenView.swift */ = {isa = PBXFileReference; lastKnownFileType = sourcecode.swift; path = SplashScreenView.swift; sourceTree = "<group>"; };
		1356E7642B5C275D00DCE99E /* Assets.xcassets */ = {isa = PBXFileReference; lastKnownFileType = folder.assetcatalog; path = Assets.xcassets; sourceTree = "<group>"; };
		1356E7672B5C275D00DCE99E /* Preview Assets.xcassets */ = {isa = PBXFileReference; lastKnownFileType = folder.assetcatalog; path = "Preview Assets.xcassets"; sourceTree = "<group>"; };
		1356E7722B5C292B00DCE99E /* HomeView.swift */ = {isa = PBXFileReference; lastKnownFileType = sourcecode.swift; path = HomeView.swift; sourceTree = "<group>"; };
		1356E7742B5C2D6E00DCE99E /* EventView.swift */ = {isa = PBXFileReference; lastKnownFileType = sourcecode.swift; path = EventView.swift; sourceTree = "<group>"; };
		1356E7762B5C2D7F00DCE99E /* CalendarView.swift */ = {isa = PBXFileReference; lastKnownFileType = sourcecode.swift; path = CalendarView.swift; sourceTree = "<group>"; };
		1356E7782B5C2DA000DCE99E /* NotificationView.swift */ = {isa = PBXFileReference; lastKnownFileType = sourcecode.swift; path = NotificationView.swift; sourceTree = "<group>"; };
		1356E77A2B5C2DBF00DCE99E /* SettingsView.swift */ = {isa = PBXFileReference; lastKnownFileType = sourcecode.swift; path = SettingsView.swift; sourceTree = "<group>"; };
		1356E77C2B5C2E3300DCE99E /* NavigationBarView.swift */ = {isa = PBXFileReference; lastKnownFileType = sourcecode.swift; path = NavigationBarView.swift; sourceTree = "<group>"; };
		137199DF2B5F503700936C13 /* LoginView.swift */ = {isa = PBXFileReference; lastKnownFileType = sourcecode.swift; path = LoginView.swift; sourceTree = "<group>"; };
		137199E22B5F51EC00936C13 /* InputView.swift */ = {isa = PBXFileReference; lastKnownFileType = sourcecode.swift; path = InputView.swift; sourceTree = "<group>"; };
		137199E42B5F586C00936C13 /* RegistrationView.swift */ = {isa = PBXFileReference; lastKnownFileType = sourcecode.swift; path = RegistrationView.swift; sourceTree = "<group>"; };
		137199E82B5F5F6600936C13 /* SettingsRowView.swift */ = {isa = PBXFileReference; lastKnownFileType = sourcecode.swift; path = SettingsRowView.swift; sourceTree = "<group>"; };
		137199EA2B5F664500936C13 /* User.swift */ = {isa = PBXFileReference; lastKnownFileType = sourcecode.swift; path = User.swift; sourceTree = "<group>"; };
/* End PBXFileReference section */

/* Begin PBXFrameworksBuildPhase section */
		1356E75A2B5C275D00DCE99E /* Frameworks */ = {
			isa = PBXFrameworksBuildPhase;
			buildActionMask = 2147483647;
			files = (
			);
			runOnlyForDeploymentPostprocessing = 0;
		};
/* End PBXFrameworksBuildPhase section */

/* Begin PBXGroup section */
		1356E7542B5C275D00DCE99E = {
			isa = PBXGroup;
			children = (
				1356E75F2B5C275D00DCE99E /* Rendezvous */,
				1356E75E2B5C275D00DCE99E /* Products */,
			);
			sourceTree = "<group>";
		};
		1356E75E2B5C275D00DCE99E /* Products */ = {
			isa = PBXGroup;
			children = (
				1356E75D2B5C275D00DCE99E /* Rendezvous.app */,
			);
			name = Products;
			sourceTree = "<group>";
		};
		1356E75F2B5C275D00DCE99E /* Rendezvous */ = {
			isa = PBXGroup;
			children = (
				1356E76E2B5C28B800DCE99E /* App */,
				1356E7712B5C28E000DCE99E /* Model */,
				1356E7702B5C28D900DCE99E /* View */,
				1356E76F2B5C28CE00DCE99E /* ViewModel */,
				137199E12B5F51B000936C13 /* Components */,
				1356E7662B5C275D00DCE99E /* Preview Content */,
			);
			path = Rendezvous;
			sourceTree = "<group>";
		};
		1356E7662B5C275D00DCE99E /* Preview Content */ = {
			isa = PBXGroup;
			children = (
				1356E7672B5C275D00DCE99E /* Preview Assets.xcassets */,
			);
			path = "Preview Content";
			sourceTree = "<group>";
		};
		1356E76E2B5C28B800DCE99E /* App */ = {
			isa = PBXGroup;
			children = (
				1356E7642B5C275D00DCE99E /* Assets.xcassets */,
				1356E7602B5C275D00DCE99E /* RendezvousApp.swift */,
			);
			path = App;
			sourceTree = "<group>";
		};
		1356E76F2B5C28CE00DCE99E /* ViewModel */ = {
			isa = PBXGroup;
			children = (
			);
			path = ViewModel;
			sourceTree = "<group>";
		};
		1356E7702B5C28D900DCE99E /* View */ = {
			isa = PBXGroup;
			children = (
				137199DE2B5F4FCC00936C13 /* Authentfication */,
				1356E7622B5C275D00DCE99E /* SplashScreenView.swift */,
				1356E7722B5C292B00DCE99E /* HomeView.swift */,
				1356E7742B5C2D6E00DCE99E /* EventView.swift */,
				1356E7762B5C2D7F00DCE99E /* CalendarView.swift */,
				1356E7782B5C2DA000DCE99E /* NotificationView.swift */,
				1356E77A2B5C2DBF00DCE99E /* SettingsView.swift */,
				1356E77C2B5C2E3300DCE99E /* NavigationBarView.swift */,
			);
			path = View;
			sourceTree = "<group>";
		};
		1356E7712B5C28E000DCE99E /* Model */ = {
			isa = PBXGroup;
			children = (
				137199EA2B5F664500936C13 /* User.swift */,
			);
			path = Model;
			sourceTree = "<group>";
		};
		137199DE2B5F4FCC00936C13 /* Authentfication */ = {
			isa = PBXGroup;
			children = (
				137199DF2B5F503700936C13 /* LoginView.swift */,
				137199E42B5F586C00936C13 /* RegistrationView.swift */,
			);
			path = Authentfication;
			sourceTree = "<group>";
		};
		137199E12B5F51B000936C13 /* Components */ = {
			isa = PBXGroup;
			children = (
				137199E22B5F51EC00936C13 /* InputView.swift */,
				137199E82B5F5F6600936C13 /* SettingsRowView.swift */,
			);
			path = Components;
			sourceTree = "<group>";
		};
/* End PBXGroup section */

/* Begin PBXNativeTarget section */
		1356E75C2B5C275D00DCE99E /* Rendezvous */ = {
			isa = PBXNativeTarget;
			buildConfigurationList = 1356E76B2B5C275D00DCE99E /* Build configuration list for PBXNativeTarget "Rendezvous" */;
			buildPhases = (
				1356E7592B5C275D00DCE99E /* Sources */,
				1356E75A2B5C275D00DCE99E /* Frameworks */,
				1356E75B2B5C275D00DCE99E /* Resources */,
			);
			buildRules = (
			);
			dependencies = (
			);
			name = Rendezvous;
			productName = Rendezvous;
			productReference = 1356E75D2B5C275D00DCE99E /* Rendezvous.app */;
			productType = "com.apple.product-type.application";
		};
/* End PBXNativeTarget section */

/* Begin PBXProject section */
		1356E7552B5C275D00DCE99E /* Project object */ = {
			isa = PBXProject;
			attributes = {
				BuildIndependentTargetsInParallel = 1;
				LastSwiftUpdateCheck = 1420;
				LastUpgradeCheck = 1420;
				TargetAttributes = {
					1356E75C2B5C275D00DCE99E = {
						CreatedOnToolsVersion = 14.2;
					};
				};
			};
			buildConfigurationList = 1356E7582B5C275D00DCE99E /* Build configuration list for PBXProject "Rendezvous" */;
			compatibilityVersion = "Xcode 14.0";
			developmentRegion = en;
			hasScannedForEncodings = 0;
			knownRegions = (
				en,
				Base,
			);
			mainGroup = 1356E7542B5C275D00DCE99E;
			productRefGroup = 1356E75E2B5C275D00DCE99E /* Products */;
			projectDirPath = "";
			projectRoot = "";
			targets = (
				1356E75C2B5C275D00DCE99E /* Rendezvous */,
			);
		};
/* End PBXProject section */

/* Begin PBXResourcesBuildPhase section */
		1356E75B2B5C275D00DCE99E /* Resources */ = {
			isa = PBXResourcesBuildPhase;
			buildActionMask = 2147483647;
			files = (
				1356E7682B5C275D00DCE99E /* Preview Assets.xcassets in Resources */,
				1356E7652B5C275D00DCE99E /* Assets.xcassets in Resources */,
			);
			runOnlyForDeploymentPostprocessing = 0;
		};
/* End PBXResourcesBuildPhase section */

/* Begin PBXSourcesBuildPhase section */
		1356E7592B5C275D00DCE99E /* Sources */ = {
			isa = PBXSourcesBuildPhase;
			buildActionMask = 2147483647;
			files = (
				137199EB2B5F664500936C13 /* User.swift in Sources */,
				137199E52B5F586C00936C13 /* RegistrationView.swift in Sources */,
				1356E77B2B5C2DBF00DCE99E /* SettingsView.swift in Sources */,
				1356E7772B5C2D7F00DCE99E /* CalendarView.swift in Sources */,
				1356E77D2B5C2E3300DCE99E /* NavigationBarView.swift in Sources */,
				137199E02B5F503700936C13 /* LoginView.swift in Sources */,
				1356E7732B5C292B00DCE99E /* HomeView.swift in Sources */,
				1356E7632B5C275D00DCE99E /* SplashScreenView.swift in Sources */,
				1356E7612B5C275D00DCE99E /* RendezvousApp.swift in Sources */,
				137199E32B5F51EC00936C13 /* InputView.swift in Sources */,
				137199E92B5F5F6700936C13 /* SettingsRowView.swift in Sources */,
				1356E7752B5C2D6E00DCE99E /* EventView.swift in Sources */,
				1356E7792B5C2DA000DCE99E /* NotificationView.swift in Sources */,
			);
			runOnlyForDeploymentPostprocessing = 0;
		};
/* End PBXSourcesBuildPhase section */

/* Begin XCBuildConfiguration section */
		1356E7692B5C275D00DCE99E /* Debug */ = {
			isa = XCBuildConfiguration;
			buildSettings = {
				ALWAYS_SEARCH_USER_PATHS = NO;
				CLANG_ANALYZER_NONNULL = YES;
				CLANG_ANALYZER_NUMBER_OBJECT_CONVERSION = YES_AGGRESSIVE;
				CLANG_CXX_LANGUAGE_STANDARD = "gnu++20";
				CLANG_ENABLE_MODULES = YES;
				CLANG_ENABLE_OBJC_ARC = YES;
				CLANG_ENABLE_OBJC_WEAK = YES;
				CLANG_WARN_BLOCK_CAPTURE_AUTORELEASING = YES;
				CLANG_WARN_BOOL_CONVERSION = YES;
				CLANG_WARN_COMMA = YES;
				CLANG_WARN_CONSTANT_CONVERSION = YES;
				CLANG_WARN_DEPRECATED_OBJC_IMPLEMENTATIONS = YES;
				CLANG_WARN_DIRECT_OBJC_ISA_USAGE = YES_ERROR;
				CLANG_WARN_DOCUMENTATION_COMMENTS = YES;
				CLANG_WARN_EMPTY_BODY = YES;
				CLANG_WARN_ENUM_CONVERSION = YES;
				CLANG_WARN_INFINITE_RECURSION = YES;
				CLANG_WARN_INT_CONVERSION = YES;
				CLANG_WARN_NON_LITERAL_NULL_CONVERSION = YES;
				CLANG_WARN_OBJC_IMPLICIT_RETAIN_SELF = YES;
				CLANG_WARN_OBJC_LITERAL_CONVERSION = YES;
				CLANG_WARN_OBJC_ROOT_CLASS = YES_ERROR;
				CLANG_WARN_QUOTED_INCLUDE_IN_FRAMEWORK_HEADER = YES;
				CLANG_WARN_RANGE_LOOP_ANALYSIS = YES;
				CLANG_WARN_STRICT_PROTOTYPES = YES;
				CLANG_WARN_SUSPICIOUS_MOVE = YES;
				CLANG_WARN_UNGUARDED_AVAILABILITY = YES_AGGRESSIVE;
				CLANG_WARN_UNREACHABLE_CODE = YES;
				CLANG_WARN__DUPLICATE_METHOD_MATCH = YES;
				COPY_PHASE_STRIP = NO;
				DEBUG_INFORMATION_FORMAT = dwarf;
				ENABLE_STRICT_OBJC_MSGSEND = YES;
				ENABLE_TESTABILITY = YES;
				GCC_C_LANGUAGE_STANDARD = gnu11;
				GCC_DYNAMIC_NO_PIC = NO;
				GCC_NO_COMMON_BLOCKS = YES;
				GCC_OPTIMIZATION_LEVEL = 0;
				GCC_PREPROCESSOR_DEFINITIONS = (
					"DEBUG=1",
					"$(inherited)",
				);
				GCC_WARN_64_TO_32_BIT_CONVERSION = YES;
				GCC_WARN_ABOUT_RETURN_TYPE = YES_ERROR;
				GCC_WARN_UNDECLARED_SELECTOR = YES;
				GCC_WARN_UNINITIALIZED_AUTOS = YES_AGGRESSIVE;
				GCC_WARN_UNUSED_FUNCTION = YES;
				GCC_WARN_UNUSED_VARIABLE = YES;
				IPHONEOS_DEPLOYMENT_TARGET = 16.2;
				MTL_ENABLE_DEBUG_INFO = INCLUDE_SOURCE;
				MTL_FAST_MATH = YES;
				ONLY_ACTIVE_ARCH = YES;
				SDKROOT = iphoneos;
				SWIFT_ACTIVE_COMPILATION_CONDITIONS = DEBUG;
				SWIFT_OPTIMIZATION_LEVEL = "-Onone";
			};
			name = Debug;
		};
		1356E76A2B5C275D00DCE99E /* Release */ = {
			isa = XCBuildConfiguration;
			buildSettings = {
				ALWAYS_SEARCH_USER_PATHS = NO;
				CLANG_ANALYZER_NONNULL = YES;
				CLANG_ANALYZER_NUMBER_OBJECT_CONVERSION = YES_AGGRESSIVE;
				CLANG_CXX_LANGUAGE_STANDARD = "gnu++20";
				CLANG_ENABLE_MODULES = YES;
				CLANG_ENABLE_OBJC_ARC = YES;
				CLANG_ENABLE_OBJC_WEAK = YES;
				CLANG_WARN_BLOCK_CAPTURE_AUTORELEASING = YES;
				CLANG_WARN_BOOL_CONVERSION = YES;
				CLANG_WARN_COMMA = YES;
				CLANG_WARN_CONSTANT_CONVERSION = YES;
				CLANG_WARN_DEPRECATED_OBJC_IMPLEMENTATIONS = YES;
				CLANG_WARN_DIRECT_OBJC_ISA_USAGE = YES_ERROR;
				CLANG_WARN_DOCUMENTATION_COMMENTS = YES;
				CLANG_WARN_EMPTY_BODY = YES;
				CLANG_WARN_ENUM_CONVERSION = YES;
				CLANG_WARN_INFINITE_RECURSION = YES;
				CLANG_WARN_INT_CONVERSION = YES;
				CLANG_WARN_NON_LITERAL_NULL_CONVERSION = YES;
				CLANG_WARN_OBJC_IMPLICIT_RETAIN_SELF = YES;
				CLANG_WARN_OBJC_LITERAL_CONVERSION = YES;
				CLANG_WARN_OBJC_ROOT_CLASS = YES_ERROR;
				CLANG_WARN_QUOTED_INCLUDE_IN_FRAMEWORK_HEADER = YES;
				CLANG_WARN_RANGE_LOOP_ANALYSIS = YES;
				CLANG_WARN_STRICT_PROTOTYPES = YES;
				CLANG_WARN_SUSPICIOUS_MOVE = YES;
				CLANG_WARN_UNGUARDED_AVAILABILITY = YES_AGGRESSIVE;
				CLANG_WARN_UNREACHABLE_CODE = YES;
				CLANG_WARN__DUPLICATE_METHOD_MATCH = YES;
				COPY_PHASE_STRIP = NO;
				DEBUG_INFORMATION_FORMAT = "dwarf-with-dsym";
				ENABLE_NS_ASSERTIONS = NO;
				ENABLE_STRICT_OBJC_MSGSEND = YES;
				GCC_C_LANGUAGE_STANDARD = gnu11;
				GCC_NO_COMMON_BLOCKS = YES;
				GCC_WARN_64_TO_32_BIT_CONVERSION = YES;
				GCC_WARN_ABOUT_RETURN_TYPE = YES_ERROR;
				GCC_WARN_UNDECLARED_SELECTOR = YES;
				GCC_WARN_UNINITIALIZED_AUTOS = YES_AGGRESSIVE;
				GCC_WARN_UNUSED_FUNCTION = YES;
				GCC_WARN_UNUSED_VARIABLE = YES;
				IPHONEOS_DEPLOYMENT_TARGET = 16.2;
				MTL_ENABLE_DEBUG_INFO = NO;
				MTL_FAST_MATH = YES;
				SDKROOT = iphoneos;
				SWIFT_COMPILATION_MODE = wholemodule;
				SWIFT_OPTIMIZATION_LEVEL = "-O";
				VALIDATE_PRODUCT = YES;
			};
			name = Release;
		};
		1356E76C2B5C275D00DCE99E /* Debug */ = {
			isa = XCBuildConfiguration;
			buildSettings = {
				ASSETCATALOG_COMPILER_APPICON_NAME = AppIcon;
				ASSETCATALOG_COMPILER_GLOBAL_ACCENT_COLOR_NAME = AccentColor;
				CODE_SIGN_STYLE = Automatic;
				CURRENT_PROJECT_VERSION = 1;
				DEVELOPMENT_ASSET_PATHS = "\"Rendezvous/Preview Content\"";
				DEVELOPMENT_TEAM = T94Y3NV5X8;
				ENABLE_PREVIEWS = YES;
				GENERATE_INFOPLIST_FILE = YES;
				INFOPLIST_KEY_UIApplicationSceneManifest_Generation = YES;
				INFOPLIST_KEY_UIApplicationSupportsIndirectInputEvents = YES;
				INFOPLIST_KEY_UILaunchScreen_Generation = YES;
				INFOPLIST_KEY_UISupportedInterfaceOrientations_iPad = "UIInterfaceOrientationPortrait UIInterfaceOrientationPortraitUpsideDown UIInterfaceOrientationLandscapeLeft UIInterfaceOrientationLandscapeRight";
				INFOPLIST_KEY_UISupportedInterfaceOrientations_iPhone = "UIInterfaceOrientationPortrait UIInterfaceOrientationLandscapeLeft UIInterfaceOrientationLandscapeRight";
				LD_RUNPATH_SEARCH_PATHS = (
					"$(inherited)",
					"@executable_path/Frameworks",
				);
				MARKETING_VERSION = 1.0;
				PRODUCT_BUNDLE_IDENTIFIER = AceEzra.Rendezvous;
				PRODUCT_NAME = "$(TARGET_NAME)";
				SWIFT_EMIT_LOC_STRINGS = YES;
				SWIFT_VERSION = 5.0;
				TARGETED_DEVICE_FAMILY = "1,2";
			};
			name = Debug;
		};
		1356E76D2B5C275D00DCE99E /* Release */ = {
			isa = XCBuildConfiguration;
			buildSettings = {
				ASSETCATALOG_COMPILER_APPICON_NAME = AppIcon;
				ASSETCATALOG_COMPILER_GLOBAL_ACCENT_COLOR_NAME = AccentColor;
				CODE_SIGN_STYLE = Automatic;
				CURRENT_PROJECT_VERSION = 1;
				DEVELOPMENT_ASSET_PATHS = "\"Rendezvous/Preview Content\"";
				DEVELOPMENT_TEAM = T94Y3NV5X8;
				ENABLE_PREVIEWS = YES;
				GENERATE_INFOPLIST_FILE = YES;
				INFOPLIST_KEY_UIApplicationSceneManifest_Generation = YES;
				INFOPLIST_KEY_UIApplicationSupportsIndirectInputEvents = YES;
				INFOPLIST_KEY_UILaunchScreen_Generation = YES;
				INFOPLIST_KEY_UISupportedInterfaceOrientations_iPad = "UIInterfaceOrientationPortrait UIInterfaceOrientationPortraitUpsideDown UIInterfaceOrientationLandscapeLeft UIInterfaceOrientationLandscapeRight";
				INFOPLIST_KEY_UISupportedInterfaceOrientations_iPhone = "UIInterfaceOrientationPortrait UIInterfaceOrientationLandscapeLeft UIInterfaceOrientationLandscapeRight";
				LD_RUNPATH_SEARCH_PATHS = (
					"$(inherited)",
					"@executable_path/Frameworks",
				);
				MARKETING_VERSION = 1.0;
				PRODUCT_BUNDLE_IDENTIFIER = AceEzra.Rendezvous;
				PRODUCT_NAME = "$(TARGET_NAME)";
				SWIFT_EMIT_LOC_STRINGS = YES;
				SWIFT_VERSION = 5.0;
				TARGETED_DEVICE_FAMILY = "1,2";
			};
			name = Release;
		};
/* End XCBuildConfiguration section */

/* Begin XCConfigurationList section */
		1356E7582B5C275D00DCE99E /* Build configuration list for PBXProject "Rendezvous" */ = {
			isa = XCConfigurationList;
			buildConfigurations = (
				1356E7692B5C275D00DCE99E /* Debug */,
				1356E76A2B5C275D00DCE99E /* Release */,
			);
			defaultConfigurationIsVisible = 0;
			defaultConfigurationName = Release;
		};
		1356E76B2B5C275D00DCE99E /* Build configuration list for PBXNativeTarget "Rendezvous" */ = {
			isa = XCConfigurationList;
			buildConfigurations = (
				1356E76C2B5C275D00DCE99E /* Debug */,
				1356E76D2B5C275D00DCE99E /* Release */,
			);
			defaultConfigurationIsVisible = 0;
			defaultConfigurationName = Release;
		};
/* End XCConfigurationList section */
	};
	rootObject = 1356E7552B5C275D00DCE99E /* Project object */;
}
